{
  "nodes": {
    "devshell": {
      "inputs": {
        "nixpkgs": "nixpkgs"
      },
      "locked": {
        "lastModified": 1741473158,
        "narHash": "sha256-kWNaq6wQUbUMlPgw8Y+9/9wP0F8SHkjy24/mN3UAppg=",
        "owner": "numtide",
        "repo": "devshell",
        "rev": "7c9e793ebe66bcba8292989a68c0419b737a22a0",
        "type": "github"
      },
      "original": {
        "owner": "numtide",
        "repo": "devshell",
        "type": "github"
      }
    },
    "disko": {
      "inputs": {
        "nixpkgs": [
          "nixpkgs"
        ]
      },
      "locked": {
        "lastModified": 1748225455,
        "narHash": "sha256-AzlJCKaM4wbEyEpV3I/PUq5mHnib2ryEy32c+qfj6xk=",
        "owner": "nix-community",
        "repo": "disko",
        "rev": "a894f2811e1ee8d10c50560551e50d6ab3c392ba",
        "type": "github"
      },
      "original": {
        "owner": "nix-community",
        "repo": "disko",
        "type": "github"
      }
    },
    "flake-parts": {
      "inputs": {
        "nixpkgs-lib": "nixpkgs-lib"
      },
      "locked": {
        "lastModified": 1743550720,
        "narHash": "sha256-hIshGgKZCgWh6AYJpJmRgFdR3WUbkY04o82X05xqQiY=",
        "owner": "hercules-ci",
        "repo": "flake-parts",
        "rev": "c621e8422220273271f52058f618c94e405bb0f5",
        "type": "github"
      },
      "original": {
        "owner": "hercules-ci",
        "repo": "flake-parts",
        "type": "github"
      }
    },
    "flake-root": {
      "locked": {
        "lastModified": 1723604017,
        "narHash": "sha256-rBtQ8gg+Dn4Sx/s+pvjdq3CB2wQNzx9XGFq/JVGCB6k=",
        "owner": "srid",
        "repo": "flake-root",
        "rev": "b759a56851e10cb13f6b8e5698af7b59c44be26e",
        "type": "github"
      },
      "original": {
        "owner": "srid",
        "repo": "flake-root",
        "type": "github"
      }
    },
    "home-manager": {
      "inputs": {
        "nixpkgs": [
          "nixpkgs"
        ]
      },
      "locked": {
        "lastModified": 1748737919,
        "narHash": "sha256-5kvBbLYdp+n7Ftanjcs6Nv+UO6sBhelp6MIGJ9nWmjQ=",
        "owner": "nix-community",
        "repo": "home-manager",
        "rev": "5675a9686851d9626560052a032c4e14e533c1fa",
        "type": "github"
      },
      "original": {
        "owner": "nix-community",
        "repo": "home-manager",
        "type": "github"
      }
    },
    "nixpkgs": {
      "locked": {
        "lastModified": 1722073938,
        "narHash": "sha256-OpX0StkL8vpXyWOGUD6G+MA26wAXK6SpT94kLJXo6B4=",
        "owner": "NixOS",
        "repo": "nixpkgs",
        "rev": "e36e9f57337d0ff0cf77aceb58af4c805472bfae",
        "type": "github"
      },
      "original": {
        "owner": "NixOS",
        "ref": "nixpkgs-unstable",
        "repo": "nixpkgs",
        "type": "github"
      }
    },
    "nixpkgs-lib": {
      "locked": {
        "lastModified": 1743296961,
        "narHash": "sha256-b1EdN3cULCqtorQ4QeWgLMrd5ZGOjLSLemfa00heasc=",
        "owner": "nix-community",
        "repo": "nixpkgs.lib",
        "rev": "e4822aea2a6d1cdd36653c134cacfd64c97ff4fa",
        "type": "github"
      },
      "original": {
        "owner": "nix-community",
        "repo": "nixpkgs.lib",
        "type": "github"
      }
    },
    "nixpkgs_2": {
      "locked": {
        "lastModified": 1748693115,
        "narHash": "sha256-StSrWhklmDuXT93yc3GrTlb0cKSS0agTAxMGjLKAsY8=",
        "owner": "NixOS",
        "repo": "nixpkgs",
        "rev": "910796cabe436259a29a72e8d3f5e180fc6dfacc",
        "type": "github"
      },
      "original": {
        "owner": "NixOS",
        "ref": "nixos-unstable",
        "repo": "nixpkgs",
        "type": "github"
      }
    },
    "root": {
      "inputs": {
        "devshell": "devshell",
        "disko": "disko",
        "flake-parts": "flake-parts",
        "flake-root": "flake-root",
        "home-manager": "home-manager",
        "nixpkgs": "nixpkgs_2",
        "treefmt-nix": "treefmt-nix"
      }
    },
    "treefmt-nix": {
      "inputs": {
        "nixpkgs": [
          "nixpkgs"
        ]
      },
      "locked": {
        "lastModified": 1748243702,
        "narHash": "sha256-9YzfeN8CB6SzNPyPm2XjRRqSixDopTapaRsnTpXUEY8=",
        "owner": "numtide",
        "repo": "treefmt-nix",
        "rev": "1f3f7b784643d488ba4bf315638b2b0a4c5fb007",
        "type": "github"
      },
      "original": {
        "owner": "numtide",
        "repo": "treefmt-nix",
        "type": "github"
      }
    }
  },
  "root": "root",
  "version": 7
}
